PODS:
  - TableViewAutolayoutManager (0.2):
    - TableViewManager
  - TableViewManager (0.2)

DEPENDENCIES:
  - TableViewAutolayoutManager (from `../`)

EXTERNAL SOURCES:
  TableViewAutolayoutManager:
    :path: "../"

SPEC CHECKSUMS:
  TableViewAutolayoutManager: 961474f8e9dd7a56a92c6060f1f62d065015dc7e
  TableViewManager: e1baf808aa7e01a448a19e5de243c8b6a58b1d98

COCOAPODS: 0.39.0
